
Microsoft Visual Studio Solution File, Format Version 12.00
# Visual Studio Version 16
VisualStudioVersion = 16.0.30621.155
MinimumVisualStudioVersion = 10.0.40219.1
Project("{FAE04EC0-301F-11D3-BF4B-00C04F79EFBC}") = "Pendu", "Pendu\Pendu.csproj", "{6E12A85D-320A-477D-8F2F-8EA74D9FDC6D}"
EndProject
Global
	GlobalSection(SolutionConfigurationPlatforms) = preSolution
		Debug|Any CPU = Debug|Any CPU
		Release|Any CPU = Release|Any CPU
	EndGlobalSection
	GlobalSection(ProjectConfigurationPlatforms) = postSolution
		{6E12A85D-320A-477D-8F2F-8EA74D9FDC6D}.Debug|Any CPU.ActiveCfg = Debug|Any CPU
		{6E12A85D-320A-477D-8F2F-8EA74D9FDC6D}.Debug|Any CPU.Build.0 = Debug|Any CPU
		{6E12A85D-320A-477D-8F2F-8EA74D9FDC6D}.Release|Any CPU.ActiveCfg = Release|Any CPU
		{6E12A85D-320A-477D-8F2F-8EA74D9FDC6D}.Release|Any CPU.Build.0 = Release|Any CPU
	EndGlobalSection
	GlobalSection(SolutionProperties) = preSolution
		HideSolutionNode = FALSE
	EndGlobalSection
	GlobalSection(ExtensibilityGlobals) = postSolution
		SolutionGuid = {4D7DF145-4103-4E45-A519-182FDB4D4DE6}
	EndGlobalSection
EndGlobal
